// !$*UTF8*$!
{
	archiveVersion = 1;
	classes = {
	};
	objectVersion = 48;
	objects = {

/* Begin PBXBuildFile section */
		2246D1D5204EF7AB0002F9BB /* AppDelegate.m in Sources */ = {isa = PBXBuildFile; fileRef = 2246D1D4204EF7AB0002F9BB /* AppDelegate.m */; };
		2246D1D8204EF7AB0002F9BB /* ViewController.m in Sources */ = {isa = PBXBuildFile; fileRef = 2246D1D7204EF7AB0002F9BB /* ViewController.m */; };
		2246D1DD204EF7AB0002F9BB /* Assets.xcassets in Resources */ = {isa = PBXBuildFile; fileRef = 2246D1DC204EF7AB0002F9BB /* Assets.xcassets */; };
		2246D1E0204EF7AB0002F9BB /* LaunchScreen.storyboard in Resources */ = {isa = PBXBuildFile; fileRef = 2246D1DE204EF7AB0002F9BB /* LaunchScreen.storyboard */; };
		2246D1E3204EF7AB0002F9BB /* main.m in Sources */ = {isa = PBXBuildFile; fileRef = 2246D1E2204EF7AB0002F9BB /* main.m */; };
		2246D1EC20503F5E0002F9BB /* TORoundedWindow.m in Sources */ = {isa = PBXBuildFile; fileRef = 2246D1EB20503F5E0002F9BB /* TORoundedWindow.m */; };
/* End PBXBuildFile section */

/* Begin PBXFileReference section */
		2246D1D0204EF7AB0002F9BB /* TORoundedWindowExample.app */ = {isa = PBXFileReference; explicitFileType = wrapper.application; includeInIndex = 0; path = TORoundedWindowExample.app; sourceTree = BUILT_PRODUCTS_DIR; };
		2246D1D3204EF7AB0002F9BB /* AppDelegate.h */ = {isa = PBXFileReference; lastKnownFileType = sourcecode.c.h; path = AppDelegate.h; sourceTree = "<group>"; };
		2246D1D4204EF7AB0002F9BB /* AppDelegate.m */ = {isa = PBXFileReference; lastKnownFileType = sourcecode.c.objc; path = AppDelegate.m; sourceTree = "<group>"; };
		2246D1D6204EF7AB0002F9BB /* ViewController.h */ = {isa = PBXFileReference; lastKnownFileType = sourcecode.c.h; path = ViewController.h; sourceTree = "<group>"; };
		2246D1D7204EF7AB0002F9BB /* ViewController.m */ = {isa = PBXFileReference; lastKnownFileType = sourcecode.c.objc; path = ViewController.m; sourceTree = "<group>"; };
		2246D1DC204EF7AB0002F9BB /* Assets.xcassets */ = {isa = PBXFileReference; lastKnownFileType = folder.assetcatalog; path = Assets.xcassets; sourceTree = "<group>"; };
		2246D1DF204EF7AB0002F9BB /* Base */ = {isa = PBXFileReference; lastKnownFileType = file.storyboard; name = Base; path = Base.lproj/LaunchScreen.storyboard; sourceTree = "<group>"; };
		2246D1E1204EF7AB0002F9BB /* Info.plist */ = {isa = PBXFileReference; lastKnownFileType = text.plist.xml; path = Info.plist; sourceTree = "<group>"; };
		2246D1E2204EF7AB0002F9BB /* main.m */ = {isa = PBXFileReference; lastKnownFileType = sourcecode.c.objc; path = main.m; sourceTree = "<group>"; };
		2246D1EA20503F5E0002F9BB /* TORoundedWindow.h */ = {isa = PBXFileReference; lastKnownFileType = sourcecode.c.h; path = TORoundedWindow.h; sourceTree = "<group>"; };
		2246D1EB20503F5E0002F9BB /* TORoundedWindow.m */ = {isa = PBXFileReference; lastKnownFileType = sourcecode.c.objc; path = TORoundedWindow.m; sourceTree = "<group>"; };
/* End PBXFileReference section */

/* Begin PBXFrameworksBuildPhase section */
		2246D1CD204EF7AB0002F9BB /* Frameworks */ = {
			isa = PBXFrameworksBuildPhase;
			buildActionMask = 2147483647;
			files = (
			);
			runOnlyForDeploymentPostprocessing = 0;
		};
/* End PBXFrameworksBuildPhase section */

/* Begin PBXGroup section */
		2246D1C7204EF7AB0002F9BB = {
			isa = PBXGroup;
			children = (
				2246D1E920503F4B0002F9BB /* TORoundedWindow */,
				2246D1D2204EF7AB0002F9BB /* TORoundedWindowExample */,
				2246D1D1204EF7AB0002F9BB /* Products */,
			);
			sourceTree = "<group>";
		};
		2246D1D1204EF7AB0002F9BB /* Products */ = {
			isa = PBXGroup;
			children = (
				2246D1D0204EF7AB0002F9BB /* TORoundedWindowExample.app */,
			);
			name = Products;
			sourceTree = "<group>";
		};
		2246D1D2204EF7AB0002F9BB /* TORoundedWindowExample */ = {
			isa = PBXGroup;
			children = (
				2246D1D3204EF7AB0002F9BB /* AppDelegate.h */,
				2246D1D4204EF7AB0002F9BB /* AppDelegate.m */,
				2246D1D6204EF7AB0002F9BB /* ViewController.h */,
				2246D1D7204EF7AB0002F9BB /* ViewController.m */,
				2246D1DC204EF7AB0002F9BB /* Assets.xcassets */,
				2246D1DE204EF7AB0002F9BB /* LaunchScreen.storyboard */,
				2246D1E1204EF7AB0002F9BB /* Info.plist */,
				2246D1E2204EF7AB0002F9BB /* main.m */,
			);
			path = TORoundedWindowExample;
			sourceTree = "<group>";
		};
		2246D1E920503F4B0002F9BB /* TORoundedWindow */ = {
			isa = PBXGroup;
			children = (
				2246D1EA20503F5E0002F9BB /* TORoundedWindow.h */,
				2246D1EB20503F5E0002F9BB /* TORoundedWindow.m */,
			);
			path = TORoundedWindow;
			sourceTree = "<group>";
		};
/* End PBXGroup section */

/* Begin PBXNativeTarget section */
		2246D1CF204EF7AB0002F9BB /* TORoundedWindowExample */ = {
			isa = PBXNativeTarget;
			buildConfigurationList = 2246D1E6204EF7AB0002F9BB /* Build configuration list for PBXNativeTarget "TORoundedWindowExample" */;
			buildPhases = (
				2246D1CC204EF7AB0002F9BB /* Sources */,
				2246D1CD204EF7AB0002F9BB /* Frameworks */,
				2246D1CE204EF7AB0002F9BB /* Resources */,
			);
			buildRules = (
			);
			dependencies = (
			);
			name = TORoundedWindowExample;
			productName = TORoundedWindowExample;
			productReference = 2246D1D0204EF7AB0002F9BB /* TORoundedWindowExample.app */;
			productType = "com.apple.product-type.application";
		};
/* End PBXNativeTarget section */

/* Begin PBXProject section */
		2246D1C8204EF7AB0002F9BB /* Project object */ = {
			isa = PBXProject;
			attributes = {
				LastUpgradeCheck = 1230;
				ORGANIZATIONNAME = "Tim Oliver";
				TargetAttributes = {
					2246D1CF204EF7AB0002F9BB = {
						CreatedOnToolsVersion = 9.2;
						ProvisioningStyle = Automatic;
					};
				};
			};
			buildConfigurationList = 2246D1CB204EF7AB0002F9BB /* Build configuration list for PBXProject "TORoundedWindowExample" */;
			compatibilityVersion = "Xcode 8.0";
			developmentRegion = en;
			hasScannedForEncodings = 0;
			knownRegions = (
				en,
				Base,
			);
			mainGroup = 2246D1C7204EF7AB0002F9BB;
			productRefGroup = 2246D1D1204EF7AB0002F9BB /* Products */;
			projectDirPath = "";
			projectRoot = "";
			targets = (
				2246D1CF204EF7AB0002F9BB /* TORoundedWindowExample */,
			);
		};
/* End PBXProject section */

/* Begin PBXResourcesBuildPhase section */
		2246D1CE204EF7AB0002F9BB /* Resources */ = {
			isa = PBXResourcesBuildPhase;
			buildActionMask = 2147483647;
			files = (
				2246D1E0204EF7AB0002F9BB /* LaunchScreen.storyboard in Resources */,
				2246D1DD204EF7AB0002F9BB /* Assets.xcassets in Resources */,
			);
			runOnlyForDeploymentPostprocessing = 0;
		};
/* End PBXResourcesBuildPhase section */

/* Begin PBXSourcesBuildPhase section */
		2246D1CC204EF7AB0002F9BB /* Sources */ = {
			isa = PBXSourcesBuildPhase;
			buildActionMask = 2147483647;
			files = (
				2246D1EC20503F5E0002F9BB /* TORoundedWindow.m in Sources */,
				2246D1D8204EF7AB0002F9BB /* ViewController.m in Sources */,
				2246D1E3204EF7AB0002F9BB /* main.m in Sources */,
				2246D1D5204EF7AB0002F9BB /* AppDelegate.m in Sources */,
			);
			runOnlyForDeploymentPostprocessing = 0;
		};
/* End PBXSourcesBuildPhase section */

/* Begin PBXVariantGroup section */
		2246D1DE204EF7AB0002F9BB /* LaunchScreen.storyboard */ = {
			isa = PBXVariantGroup;
			children = (
				2246D1DF204EF7AB0002F9BB /* Base */,
			);
			name = LaunchScreen.storyboard;
			sourceTree = "<group>";
		};
/* End PBXVariantGroup section */

/* Begin XCBuildConfiguration section */
		2246D1E4204EF7AB0002F9BB /* Debug */ = {
			isa = XCBuildConfiguration;
			buildSettings = {
				ALWAYS_SEARCH_USER_PATHS = NO;
				CLANG_ANALYZER_NONNULL = YES;
				CLANG_ANALYZER_NUMBER_OBJECT_CONVERSION = YES_AGGRESSIVE;
				CLANG_CXX_LANGUAGE_STANDARD = "gnu++14";
				CLANG_CXX_LIBRARY = "libc++";
				CLANG_ENABLE_MODULES = YES;
				CLANG_ENABLE_OBJC_ARC = YES;
				CLANG_WARN_BLOCK_CAPTURE_AUTORELEASING = YES;
				CLANG_WARN_BOOL_CONVERSION = YES;
				CLANG_WARN_COMMA = YES;
				CLANG_WARN_CONSTANT_CONVERSION = YES;
				CLANG_WARN_DEPRECATED_OBJC_IMPLEMENTATIONS = YES;
				CLANG_WARN_DIRECT_OBJC_ISA_USAGE = YES_ERROR;
				CLANG_WARN_DOCUMENTATION_COMMENTS = YES;
				CLANG_WARN_EMPTY_BODY = YES;
				CLANG_WARN_ENUM_CONVERSION = YES;
				CLANG_WARN_INFINITE_RECURSION = YES;
				CLANG_WARN_INT_CONVERSION = YES;
				CLANG_WARN_NON_LITERAL_NULL_CONVERSION = YES;
				CLANG_WARN_OBJC_IMPLICIT_RETAIN_SELF = YES;
				CLANG_WARN_OBJC_LITERAL_CONVERSION = YES;
				CLANG_WARN_OBJC_ROOT_CLASS = YES_ERROR;
				CLANG_WARN_QUOTED_INCLUDE_IN_FRAMEWORK_HEADER = YES;
				CLANG_WARN_RANGE_LOOP_ANALYSIS = YES;
				CLANG_WARN_STRICT_PROTOTYPES = YES;
				CLANG_WARN_SUSPICIOUS_MOVE = YES;
				CLANG_WARN_UNGUARDED_AVAILABILITY = YES_AGGRESSIVE;
				CLANG_WARN_UNREACHABLE_CODE = YES;
				CLANG_WARN__DUPLICATE_METHOD_MATCH = YES;
				CODE_SIGN_IDENTITY = "iPhone Developer";
				COPY_PHASE_STRIP = NO;
				DEBUG_INFORMATION_FORMAT = dwarf;
				ENABLE_STRICT_OBJC_MSGSEND = YES;
				ENABLE_TESTABILITY = YES;
				GCC_C_LANGUAGE_STANDARD = gnu11;
				GCC_DYNAMIC_NO_PIC = NO;
				GCC_NO_COMMON_BLOCKS = YES;
				GCC_OPTIMIZATION_LEVEL = 0;
				GCC_PREPROCESSOR_DEFINITIONS = (
					"DEBUG=1",
					"$(inherited)",
				);
				GCC_WARN_64_TO_32_BIT_CONVERSION = YES;
				GCC_WARN_ABOUT_RETURN_TYPE = YES_ERROR;
				GCC_WARN_UNDECLARED_SELECTOR = YES;
				GCC_WARN_UNINITIALIZED_AUTOS = YES_AGGRESSIVE;
				GCC_WARN_UNUSED_FUNCTION = YES;
				GCC_WARN_UNUSED_VARIABLE = YES;
				IPHONEOS_DEPLOYMENT_TARGET = 12.0;
				MTL_ENABLE_DEBUG_INFO = YES;
				ONLY_ACTIVE_ARCH = YES;
				SDKROOT = iphoneos;
			};
			name = Debug;
		};
		2246D1E5204EF7AB0002F9BB /* Release */ = {
			isa = XCBuildConfiguration;
			buildSettings = {
				ALWAYS_SEARCH_USER_PATHS = NO;
				CLANG_ANALYZER_NONNULL = YES;
				CLANG_ANALYZER_NUMBER_OBJECT_CONVERSION = YES_AGGRESSIVE;
				CLANG_CXX_LANGUAGE_STANDARD = "gnu++14";
				CLANG_CXX_LIBRARY = "libc++";
				CLANG_ENABLE_MODULES = YES;
				CLANG_ENABLE_OBJC_ARC = YES;
				CLANG_WARN_BLOCK_CAPTURE_AUTORELEASING = YES;
				CLANG_WARN_BOOL_CONVERSION = YES;
				CLANG_WARN_COMMA = YES;
				CLANG_WARN_CONSTANT_CONVERSION = YES;
				CLANG_WARN_DEPRECATED_OBJC_IMPLEMENTATIONS = YES;
				CLANG_WARN_DIRECT_OBJC_ISA_USAGE = YES_ERROR;
				CLANG_WARN_DOCUMENTATION_COMMENTS = YES;
				CLANG_WARN_EMPTY_BODY = YES;
				CLANG_WARN_ENUM_CONVERSION = YES;
				CLANG_WARN_INFINITE_RECURSION = YES;
				CLANG_WARN_INT_CONVERSION = YES;
				CLANG_WARN_NON_LITERAL_NULL_CONVERSION = YES;
				CLANG_WARN_OBJC_IMPLICIT_RETAIN_SELF = YES;
				CLANG_WARN_OBJC_LITERAL_CONVERSION = YES;
				CLANG_WARN_OBJC_ROOT_CLASS = YES_ERROR;
				CLANG_WARN_QUOTED_INCLUDE_IN_FRAMEWORK_HEADER = YES;
				CLANG_WARN_RANGE_LOOP_ANALYSIS = YES;
				CLANG_WARN_STRICT_PROTOTYPES = YES;
				CLANG_WARN_SUSPICIOUS_MOVE = YES;
				CLANG_WARN_UNGUARDED_AVAILABILITY = YES_AGGRESSIVE;
				CLANG_WARN_UNREACHABLE_CODE = YES;
				CLANG_WARN__DUPLICATE_METHOD_MATCH = YES;
				CODE_SIGN_IDENTITY = "iPhone Developer";
				COPY_PHASE_STRIP = NO;
				DEBUG_INFORMATION_FORMAT = "dwarf-with-dsym";
				ENABLE_NS_ASSERTIONS = NO;
				ENABLE_STRICT_OBJC_MSGSEND = YES;
				GCC_C_LANGUAGE_STANDARD = gnu11;
				GCC_NO_COMMON_BLOCKS = YES;
				GCC_WARN_64_TO_32_BIT_CONVERSION = YES;
				GCC_WARN_ABOUT_RETURN_TYPE = YES_ERROR;
				GCC_WARN_UNDECLARED_SELECTOR = YES;
				GCC_WARN_UNINITIALIZED_AUTOS = YES_AGGRESSIVE;
				GCC_WARN_UNUSED_FUNCTION = YES;
				GCC_WARN_UNUSED_VARIABLE = YES;
				IPHONEOS_DEPLOYMENT_TARGET = 12.0;
				MTL_ENABLE_DEBUG_INFO = NO;
				SDKROOT = iphoneos;
				VALIDATE_PRODUCT = YES;
			};
			name = Release;
		};
		2246D1E7204EF7AB0002F9BB /* Debug */ = {
			isa = XCBuildConfiguration;
			buildSettings = {
				ASSETCATALOG_COMPILER_APPICON_NAME = AppIcon;
				CODE_SIGN_STYLE = Automatic;
				DEVELOPMENT_TEAM = 6LF3GMKZAB;
				INFOPLIST_FILE = TORoundedWindowExample/Info.plist;
				IPHONEOS_DEPLOYMENT_TARGET = 12.0;
				LD_RUNPATH_SEARCH_PATHS = "$(inherited) @executable_path/Frameworks";
				PRODUCT_BUNDLE_IDENTIFIER = net.timoliver.TORoundedWindowExample;
				PRODUCT_NAME = "$(TARGET_NAME)";
				TARGETED_DEVICE_FAMILY = "1,2";
			};
			name = Debug;
		};
		2246D1E8204EF7AB0002F9BB /* Release */ = {
			isa = XCBuildConfiguration;
			buildSettings = {
				ASSETCATALOG_COMPILER_APPICON_NAME = AppIcon;
				CODE_SIGN_STYLE = Automatic;
				DEVELOPMENT_TEAM = 6LF3GMKZAB;
				INFOPLIST_FILE = TORoundedWindowExample/Info.plist;
				IPHONEOS_DEPLOYMENT_TARGET = 12.0;
				LD_RUNPATH_SEARCH_PATHS = "$(inherited) @executable_path/Frameworks";
				PRODUCT_BUNDLE_IDENTIFIER = net.timoliver.TORoundedWindowExample;
				PRODUCT_NAME = "$(TARGET_NAME)";
				TARGETED_DEVICE_FAMILY = "1,2";
			};
			name = Release;
		};
/* End XCBuildConfiguration section */

/* Begin XCConfigurationList section */
		2246D1CB204EF7AB0002F9BB /* Build configuration list for PBXProject "TORoundedWindowExample" */ = {
			isa = XCConfigurationList;
			buildConfigurations = (
				2246D1E4204EF7AB0002F9BB /* Debug */,
				2246D1E5204EF7AB0002F9BB /* Release */,
			);
			defaultConfigurationIsVisible = 0;
			defaultConfigurationName = Release;
		};
		2246D1E6204EF7AB0002F9BB /* Build configuration list for PBXNativeTarget "TORoundedWindowExample" */ = {
			isa = XCConfigurationList;
			buildConfigurations = (
				2246D1E7204EF7AB0002F9BB /* Debug */,
				2246D1E8204EF7AB0002F9BB /* Release */,
			);
			defaultConfigurationIsVisible = 0;
			defaultConfigurationName = Release;
		};
/* End XCConfigurationList section */
	};
	rootObject = 2246D1C8204EF7AB0002F9BB /* Project object */;
}
